
Microsoft Visual Studio Solution File, Format Version 12.00
# Visual Studio Version 17
VisualStudioVersion = 17.3.32825.248
MinimumVisualStudioVersion = 10.0.40219.1
Project("{FAE04EC0-301F-11D3-BF4B-00C04F79EFBC}") = "DelegatesAndEvents", "DelegatesAndEvents.csproj", "{632E81DD-E329-4CB2-8CBB-91B92167E8AF}"
EndProject
Global
	GlobalSection(SolutionConfigurationPlatforms) = preSolution
		Debug|Any CPU = Debug|Any CPU
		Release|Any CPU = Release|Any CPU
	EndGlobalSection
	GlobalSection(ProjectConfigurationPlatforms) = postSolution
		{632E81DD-E329-4CB2-8CBB-91B92167E8AF}.Debug|Any CPU.ActiveCfg = Debug|Any CPU
		{632E81DD-E329-4CB2-8CBB-91B92167E8AF}.Debug|Any CPU.Build.0 = Debug|Any CPU
		{632E81DD-E329-4CB2-8CBB-91B92167E8AF}.Release|Any CPU.ActiveCfg = Release|Any CPU
		{632E81DD-E329-4CB2-8CBB-91B92167E8AF}.Release|Any CPU.Build.0 = Release|Any CPU
	EndGlobalSection
	GlobalSection(SolutionProperties) = preSolution
		HideSolutionNode = FALSE
	EndGlobalSection
	GlobalSection(ExtensibilityGlobals) = postSolution
		SolutionGuid = {5FB6B081-33C8-4651-ABE1-D46D452A274F}
	EndGlobalSection
EndGlobal
